// !$*UTF8*$!
{
	archiveVersion = 1;
	classes = {
	};
	objectVersion = 55;
	objects = {

/* Begin PBXBuildFile section */
		FD61434527C69C4F008513B6 /* AppCoordinator.swift in Sources */ = {isa = PBXBuildFile; fileRef = FD61434427C69C4F008513B6 /* AppCoordinator.swift */; };
		FD61434727C69C8E008513B6 /* Coordinator.swift in Sources */ = {isa = PBXBuildFile; fileRef = FD61434627C69C8E008513B6 /* Coordinator.swift */; };
		FD61434A27C69CEE008513B6 /* NFTListCoordinator.swift in Sources */ = {isa = PBXBuildFile; fileRef = FD61434927C69CEE008513B6 /* NFTListCoordinator.swift */; };
		FD83DDF127C53A1E005C33F6 /* AppDelegate.swift in Sources */ = {isa = PBXBuildFile; fileRef = FD83DDF027C53A1E005C33F6 /* AppDelegate.swift */; };
		FD83DDF327C53A1E005C33F6 /* SceneDelegate.swift in Sources */ = {isa = PBXBuildFile; fileRef = FD83DDF227C53A1E005C33F6 /* SceneDelegate.swift */; };
		FD83DDF827C53A1E005C33F6 /* Main.storyboard in Resources */ = {isa = PBXBuildFile; fileRef = FD83DDF627C53A1E005C33F6 /* Main.storyboard */; };
		FD83DDFA27C53A20005C33F6 /* Assets.xcassets in Resources */ = {isa = PBXBuildFile; fileRef = FD83DDF927C53A20005C33F6 /* Assets.xcassets */; };
		FD83DDFD27C53A20005C33F6 /* LaunchScreen.storyboard in Resources */ = {isa = PBXBuildFile; fileRef = FD83DDFB27C53A20005C33F6 /* LaunchScreen.storyboard */; };
		FD83DE0627C53B56005C33F6 /* RxCocoa in Frameworks */ = {isa = PBXBuildFile; productRef = FD83DE0527C53B56005C33F6 /* RxCocoa */; };
		FD83DE0827C53B56005C33F6 /* RxRelay in Frameworks */ = {isa = PBXBuildFile; productRef = FD83DE0727C53B56005C33F6 /* RxRelay */; };
		FD83DE0A27C53B56005C33F6 /* RxSwift in Frameworks */ = {isa = PBXBuildFile; productRef = FD83DE0927C53B56005C33F6 /* RxSwift */; };
		FD83DE0D27C53C10005C33F6 /* RxAlamofire in Frameworks */ = {isa = PBXBuildFile; productRef = FD83DE0C27C53C10005C33F6 /* RxAlamofire */; };
		FD83DE1027C53C97005C33F6 /* RxSwiftUtilities in Frameworks */ = {isa = PBXBuildFile; productRef = FD83DE0F27C53C97005C33F6 /* RxSwiftUtilities */; };
		FD83DE1327C53CCB005C33F6 /* RxSwiftExt in Frameworks */ = {isa = PBXBuildFile; productRef = FD83DE1227C53CCB005C33F6 /* RxSwiftExt */; };
		FD83DE2927C53E12005C33F6 /* NFTCollectionViewController.swift in Sources */ = {isa = PBXBuildFile; fileRef = FD83DE1727C53D5F005C33F6 /* NFTCollectionViewController.swift */; };
		FD83DE2A27C53E1A005C33F6 /* NFTCollectionViewModel.swift in Sources */ = {isa = PBXBuildFile; fileRef = FD83DE1627C53D5F005C33F6 /* NFTCollectionViewModel.swift */; };
		FD83DE2B27C53E1D005C33F6 /* NFTItem.swift in Sources */ = {isa = PBXBuildFile; fileRef = FD83DE1927C53D5F005C33F6 /* NFTItem.swift */; };
		FD83DE2C27C53E22005C33F6 /* NFTCollectionCell.swift in Sources */ = {isa = PBXBuildFile; fileRef = FD83DE1B27C53D5F005C33F6 /* NFTCollectionCell.swift */; };
		FD83DE2D27C53E25005C33F6 /* NFTListAPIManager.swift in Sources */ = {isa = PBXBuildFile; fileRef = FD83DE1D27C53D5F005C33F6 /* NFTListAPIManager.swift */; };
		FD83DE2E27C53E2B005C33F6 /* UITableView+Utils.swift in Sources */ = {isa = PBXBuildFile; fileRef = FD83DE2027C53D5F005C33F6 /* UITableView+Utils.swift */; };
		FD83DE2F27C53E2B005C33F6 /* UICollectionView+Utils.swift in Sources */ = {isa = PBXBuildFile; fileRef = FD83DE1F27C53D5F005C33F6 /* UICollectionView+Utils.swift */; };
		FD83DE3027C53E2B005C33F6 /* UIView+Layout.swift in Sources */ = {isa = PBXBuildFile; fileRef = FD83DE2127C53D5F005C33F6 /* UIView+Layout.swift */; };
		FD83DE3127C53E2B005C33F6 /* UIView+Appearance.swift in Sources */ = {isa = PBXBuildFile; fileRef = FD83DE2227C53D5F005C33F6 /* UIView+Appearance.swift */; };
		FD83DE3A27C685C1005C33F6 /* MapleBacon in Frameworks */ = {isa = PBXBuildFile; productRef = FD83DE3927C685C1005C33F6 /* MapleBacon */; };
		FD83DE3D27C68EBE005C33F6 /* Utils.swift in Sources */ = {isa = PBXBuildFile; fileRef = FD83DE3C27C68EBD005C33F6 /* Utils.swift */; };
		FD83DE3F27C68EE1005C33F6 /* Int+Color.swift in Sources */ = {isa = PBXBuildFile; fileRef = FD83DE3E27C68EE1005C33F6 /* Int+Color.swift */; };
		FD83DE4427C69254005C33F6 /* NFTDetailViewController.swift in Sources */ = {isa = PBXBuildFile; fileRef = FD83DE4327C69254005C33F6 /* NFTDetailViewController.swift */; };
/* End PBXBuildFile section */

/* Begin PBXFileReference section */
		FD61434427C69C4F008513B6 /* AppCoordinator.swift */ = {isa = PBXFileReference; lastKnownFileType = sourcecode.swift; path = AppCoordinator.swift; sourceTree = "<group>"; };
		FD61434627C69C8E008513B6 /* Coordinator.swift */ = {isa = PBXFileReference; lastKnownFileType = sourcecode.swift; path = Coordinator.swift; sourceTree = "<group>"; };
		FD61434927C69CEE008513B6 /* NFTListCoordinator.swift */ = {isa = PBXFileReference; lastKnownFileType = sourcecode.swift; path = NFTListCoordinator.swift; sourceTree = "<group>"; };
		FD83DDED27C53A1E005C33F6 /* testApp.app */ = {isa = PBXFileReference; explicitFileType = wrapper.application; includeInIndex = 0; path = testApp.app; sourceTree = BUILT_PRODUCTS_DIR; };
		FD83DDF027C53A1E005C33F6 /* AppDelegate.swift */ = {isa = PBXFileReference; lastKnownFileType = sourcecode.swift; path = AppDelegate.swift; sourceTree = "<group>"; };
		FD83DDF227C53A1E005C33F6 /* SceneDelegate.swift */ = {isa = PBXFileReference; lastKnownFileType = sourcecode.swift; path = SceneDelegate.swift; sourceTree = "<group>"; };
		FD83DDF727C53A1E005C33F6 /* Base */ = {isa = PBXFileReference; lastKnownFileType = file.storyboard; name = Base; path = Base.lproj/Main.storyboard; sourceTree = "<group>"; };
		FD83DDF927C53A20005C33F6 /* Assets.xcassets */ = {isa = PBXFileReference; lastKnownFileType = folder.assetcatalog; path = Assets.xcassets; sourceTree = "<group>"; };
		FD83DDFC27C53A20005C33F6 /* Base */ = {isa = PBXFileReference; lastKnownFileType = file.storyboard; name = Base; path = Base.lproj/LaunchScreen.storyboard; sourceTree = "<group>"; };
		FD83DDFE27C53A20005C33F6 /* Info.plist */ = {isa = PBXFileReference; lastKnownFileType = text.plist.xml; path = Info.plist; sourceTree = "<group>"; };
		FD83DE1627C53D5F005C33F6 /* NFTCollectionViewModel.swift */ = {isa = PBXFileReference; lastKnownFileType = sourcecode.swift; path = NFTCollectionViewModel.swift; sourceTree = "<group>"; };
		FD83DE1727C53D5F005C33F6 /* NFTCollectionViewController.swift */ = {isa = PBXFileReference; lastKnownFileType = sourcecode.swift; path = NFTCollectionViewController.swift; sourceTree = "<group>"; };
		FD83DE1927C53D5F005C33F6 /* NFTItem.swift */ = {isa = PBXFileReference; lastKnownFileType = sourcecode.swift; path = NFTItem.swift; sourceTree = "<group>"; };
		FD83DE1B27C53D5F005C33F6 /* NFTCollectionCell.swift */ = {isa = PBXFileReference; lastKnownFileType = sourcecode.swift; path = NFTCollectionCell.swift; sourceTree = "<group>"; };
		FD83DE1D27C53D5F005C33F6 /* NFTListAPIManager.swift */ = {isa = PBXFileReference; lastKnownFileType = sourcecode.swift; path = NFTListAPIManager.swift; sourceTree = "<group>"; };
		FD83DE1F27C53D5F005C33F6 /* UICollectionView+Utils.swift */ = {isa = PBXFileReference; lastKnownFileType = sourcecode.swift; path = "UICollectionView+Utils.swift"; sourceTree = "<group>"; };
		FD83DE2027C53D5F005C33F6 /* UITableView+Utils.swift */ = {isa = PBXFileReference; lastKnownFileType = sourcecode.swift; path = "UITableView+Utils.swift"; sourceTree = "<group>"; };
		FD83DE2127C53D5F005C33F6 /* UIView+Layout.swift */ = {isa = PBXFileReference; lastKnownFileType = sourcecode.swift; path = "UIView+Layout.swift"; sourceTree = "<group>"; };
		FD83DE2227C53D5F005C33F6 /* UIView+Appearance.swift */ = {isa = PBXFileReference; lastKnownFileType = sourcecode.swift; path = "UIView+Appearance.swift"; sourceTree = "<group>"; };
		FD83DE3C27C68EBD005C33F6 /* Utils.swift */ = {isa = PBXFileReference; fileEncoding = 4; lastKnownFileType = sourcecode.swift; path = Utils.swift; sourceTree = "<group>"; };
		FD83DE3E27C68EE1005C33F6 /* Int+Color.swift */ = {isa = PBXFileReference; lastKnownFileType = sourcecode.swift; path = "Int+Color.swift"; sourceTree = "<group>"; };
		FD83DE4327C69254005C33F6 /* NFTDetailViewController.swift */ = {isa = PBXFileReference; lastKnownFileType = sourcecode.swift; path = NFTDetailViewController.swift; sourceTree = "<group>"; };
/* End PBXFileReference section */

/* Begin PBXFrameworksBuildPhase section */
		FD83DDEA27C53A1E005C33F6 /* Frameworks */ = {
			isa = PBXFrameworksBuildPhase;
			buildActionMask = 2147483647;
			files = (
				FD83DE1327C53CCB005C33F6 /* RxSwiftExt in Frameworks */,
				FD83DE0A27C53B56005C33F6 /* RxSwift in Frameworks */,
				FD83DE0D27C53C10005C33F6 /* RxAlamofire in Frameworks */,
				FD83DE1027C53C97005C33F6 /* RxSwiftUtilities in Frameworks */,
				FD83DE0827C53B56005C33F6 /* RxRelay in Frameworks */,
				FD83DE0627C53B56005C33F6 /* RxCocoa in Frameworks */,
				FD83DE3A27C685C1005C33F6 /* MapleBacon in Frameworks */,
			);
			runOnlyForDeploymentPostprocessing = 0;
		};
/* End PBXFrameworksBuildPhase section */

/* Begin PBXGroup section */
		FD61434327C69C2E008513B6 /* Coordinator */ = {
			isa = PBXGroup;
			children = (
				FD61434427C69C4F008513B6 /* AppCoordinator.swift */,
				FD61434627C69C8E008513B6 /* Coordinator.swift */,
			);
			path = Coordinator;
			sourceTree = "<group>";
		};
		FD61434827C69CD5008513B6 /* Coordinator */ = {
			isa = PBXGroup;
			children = (
				FD61434927C69CEE008513B6 /* NFTListCoordinator.swift */,
			);
			path = Coordinator;
			sourceTree = "<group>";
		};
		FD83DDE427C53A1E005C33F6 = {
			isa = PBXGroup;
			children = (
				FD83DDEF27C53A1E005C33F6 /* testApp */,
				FD83DDEE27C53A1E005C33F6 /* Products */,
			);
			sourceTree = "<group>";
		};
		FD83DDEE27C53A1E005C33F6 /* Products */ = {
			isa = PBXGroup;
			children = (
				FD83DDED27C53A1E005C33F6 /* testApp.app */,
			);
			name = Products;
			sourceTree = "<group>";
		};
		FD83DDEF27C53A1E005C33F6 /* testApp */ = {
			isa = PBXGroup;
			children = (
				FD61434327C69C2E008513B6 /* Coordinator */,
				FD83DE4027C691D4005C33F6 /* NFTDetail */,
				FD83DE2327C53D5F005C33F6 /* Component */,
				FD83DE1427C53D5F005C33F6 /* NFTList */,
				FD83DE1727C53D5F005C33F6 /* NFTCollectionViewController.swift */,
				FD83DE1C27C53D5F005C33F6 /* Service */,
				FD83DDF027C53A1E005C33F6 /* AppDelegate.swift */,
				FD83DDF227C53A1E005C33F6 /* SceneDelegate.swift */,
				FD83DDF627C53A1E005C33F6 /* Main.storyboard */,
				FD83DDF927C53A20005C33F6 /* Assets.xcassets */,
				FD83DDFB27C53A20005C33F6 /* LaunchScreen.storyboard */,
				FD83DDFE27C53A20005C33F6 /* Info.plist */,
			);
			path = testApp;
			sourceTree = "<group>";
		};
		FD83DE1427C53D5F005C33F6 /* NFTList */ = {
			isa = PBXGroup;
			children = (
				FD61434827C69CD5008513B6 /* Coordinator */,
				FD83DE1527C53D5F005C33F6 /* ViewModel */,
				FD83DE1827C53D5F005C33F6 /* Model */,
				FD83DE1A27C53D5F005C33F6 /* View */,
			);
			path = NFTList;
			sourceTree = "<group>";
		};
		FD83DE1527C53D5F005C33F6 /* ViewModel */ = {
			isa = PBXGroup;
			children = (
				FD83DE1627C53D5F005C33F6 /* NFTCollectionViewModel.swift */,
			);
			path = ViewModel;
			sourceTree = "<group>";
		};
		FD83DE1827C53D5F005C33F6 /* Model */ = {
			isa = PBXGroup;
			children = (
				FD83DE1927C53D5F005C33F6 /* NFTItem.swift */,
			);
			path = Model;
			sourceTree = "<group>";
		};
		FD83DE1A27C53D5F005C33F6 /* View */ = {
			isa = PBXGroup;
			children = (
				FD83DE1B27C53D5F005C33F6 /* NFTCollectionCell.swift */,
			);
			path = View;
			sourceTree = "<group>";
		};
		FD83DE1C27C53D5F005C33F6 /* Service */ = {
			isa = PBXGroup;
			children = (
				FD83DE1D27C53D5F005C33F6 /* NFTListAPIManager.swift */,
			);
			path = Service;
			sourceTree = "<group>";
		};
		FD83DE1E27C53D5F005C33F6 /* Extension */ = {
			isa = PBXGroup;
			children = (
				FD83DE3E27C68EE1005C33F6 /* Int+Color.swift */,
				FD83DE1F27C53D5F005C33F6 /* UICollectionView+Utils.swift */,
				FD83DE2027C53D5F005C33F6 /* UITableView+Utils.swift */,
				FD83DE2127C53D5F005C33F6 /* UIView+Layout.swift */,
				FD83DE2227C53D5F005C33F6 /* UIView+Appearance.swift */,
			);
			name = Extension;
			path = ../Extension;
			sourceTree = "<group>";
		};
		FD83DE2327C53D5F005C33F6 /* Component */ = {
			isa = PBXGroup;
			children = (
				FD83DE3B27C68E91005C33F6 /* Utils */,
				FD83DE1E27C53D5F005C33F6 /* Extension */,
			);
			path = Component;
			sourceTree = "<group>";
		};
		FD83DE3B27C68E91005C33F6 /* Utils */ = {
			isa = PBXGroup;
			children = (
				FD83DE3C27C68EBD005C33F6 /* Utils.swift */,
			);
			path = Utils;
			sourceTree = "<group>";
		};
		FD83DE4027C691D4005C33F6 /* NFTDetail */ = {
			isa = PBXGroup;
			children = (
				FD83DE4327C69254005C33F6 /* NFTDetailViewController.swift */,
			);
			path = NFTDetail;
			sourceTree = "<group>";
		};
/* End PBXGroup section */

/* Begin PBXNativeTarget section */
		FD83DDEC27C53A1E005C33F6 /* testApp */ = {
			isa = PBXNativeTarget;
			buildConfigurationList = FD83DE0127C53A20005C33F6 /* Build configuration list for PBXNativeTarget "testApp" */;
			buildPhases = (
				FD83DDE927C53A1E005C33F6 /* Sources */,
				FD83DDEA27C53A1E005C33F6 /* Frameworks */,
				FD83DDEB27C53A1E005C33F6 /* Resources */,
			);
			buildRules = (
			);
			dependencies = (
			);
			name = testApp;
			packageProductDependencies = (
				FD83DE0527C53B56005C33F6 /* RxCocoa */,
				FD83DE0727C53B56005C33F6 /* RxRelay */,
				FD83DE0927C53B56005C33F6 /* RxSwift */,
				FD83DE0C27C53C10005C33F6 /* RxAlamofire */,
				FD83DE0F27C53C97005C33F6 /* RxSwiftUtilities */,
				FD83DE1227C53CCB005C33F6 /* RxSwiftExt */,
				FD83DE3927C685C1005C33F6 /* MapleBacon */,
			);
			productName = testApp;
			productReference = FD83DDED27C53A1E005C33F6 /* testApp.app */;
			productType = "com.apple.product-type.application";
		};
/* End PBXNativeTarget section */

/* Begin PBXProject section */
		FD83DDE527C53A1E005C33F6 /* Project object */ = {
			isa = PBXProject;
			attributes = {
				BuildIndependentTargetsInParallel = 1;
				LastSwiftUpdateCheck = 1320;
				LastUpgradeCheck = 1320;
				TargetAttributes = {
					FD83DDEC27C53A1E005C33F6 = {
						CreatedOnToolsVersion = 13.2.1;
					};
				};
			};
			buildConfigurationList = FD83DDE827C53A1E005C33F6 /* Build configuration list for PBXProject "nftDemoApp" */;
			compatibilityVersion = "Xcode 13.0";
			developmentRegion = en;
			hasScannedForEncodings = 0;
			knownRegions = (
				en,
				Base,
			);
			mainGroup = FD83DDE427C53A1E005C33F6;
			packageReferences = (
				FD83DE0427C53B56005C33F6 /* XCRemoteSwiftPackageReference "RxSwift" */,
				FD83DE0B27C53C10005C33F6 /* XCRemoteSwiftPackageReference "RxAlamofire" */,
				FD83DE0E27C53C97005C33F6 /* XCRemoteSwiftPackageReference "RxSwiftUtilities" */,
				FD83DE1127C53CCB005C33F6 /* XCRemoteSwiftPackageReference "RxSwiftExt" */,
				FD83DE3827C685C1005C33F6 /* XCRemoteSwiftPackageReference "MapleBacon" */,
			);
			productRefGroup = FD83DDEE27C53A1E005C33F6 /* Products */;
			projectDirPath = "";
			projectRoot = "";
			targets = (
				FD83DDEC27C53A1E005C33F6 /* testApp */,
			);
		};
/* End PBXProject section */

/* Begin PBXResourcesBuildPhase section */
		FD83DDEB27C53A1E005C33F6 /* Resources */ = {
			isa = PBXResourcesBuildPhase;
			buildActionMask = 2147483647;
			files = (
				FD83DDFD27C53A20005C33F6 /* LaunchScreen.storyboard in Resources */,
				FD83DDFA27C53A20005C33F6 /* Assets.xcassets in Resources */,
				FD83DDF827C53A1E005C33F6 /* Main.storyboard in Resources */,
			);
			runOnlyForDeploymentPostprocessing = 0;
		};
/* End PBXResourcesBuildPhase section */

/* Begin PBXSourcesBuildPhase section */
		FD83DDE927C53A1E005C33F6 /* Sources */ = {
			isa = PBXSourcesBuildPhase;
			buildActionMask = 2147483647;
			files = (
				FD83DE2C27C53E22005C33F6 /* NFTCollectionCell.swift in Sources */,
				FD61434527C69C4F008513B6 /* AppCoordinator.swift in Sources */,
				FD61434A27C69CEE008513B6 /* NFTListCoordinator.swift in Sources */,
				FD83DE4427C69254005C33F6 /* NFTDetailViewController.swift in Sources */,
				FD83DE2A27C53E1A005C33F6 /* NFTCollectionViewModel.swift in Sources */,
				FD83DE3D27C68EBE005C33F6 /* Utils.swift in Sources */,
				FD83DE2D27C53E25005C33F6 /* NFTListAPIManager.swift in Sources */,
				FD61434727C69C8E008513B6 /* Coordinator.swift in Sources */,
				FD83DE2927C53E12005C33F6 /* NFTCollectionViewController.swift in Sources */,
				FD83DE2E27C53E2B005C33F6 /* UITableView+Utils.swift in Sources */,
				FD83DE3027C53E2B005C33F6 /* UIView+Layout.swift in Sources */,
				FD83DE2F27C53E2B005C33F6 /* UICollectionView+Utils.swift in Sources */,
				FD83DE2B27C53E1D005C33F6 /* NFTItem.swift in Sources */,
				FD83DE3F27C68EE1005C33F6 /* Int+Color.swift in Sources */,
				FD83DDF127C53A1E005C33F6 /* AppDelegate.swift in Sources */,
				FD83DE3127C53E2B005C33F6 /* UIView+Appearance.swift in Sources */,
				FD83DDF327C53A1E005C33F6 /* SceneDelegate.swift in Sources */,
			);
			runOnlyForDeploymentPostprocessing = 0;
		};
/* End PBXSourcesBuildPhase section */

/* Begin PBXVariantGroup section */
		FD83DDF627C53A1E005C33F6 /* Main.storyboard */ = {
			isa = PBXVariantGroup;
			children = (
				FD83DDF727C53A1E005C33F6 /* Base */,
			);
			name = Main.storyboard;
			sourceTree = "<group>";
		};
		FD83DDFB27C53A20005C33F6 /* LaunchScreen.storyboard */ = {
			isa = PBXVariantGroup;
			children = (
				FD83DDFC27C53A20005C33F6 /* Base */,
			);
			name = LaunchScreen.storyboard;
			sourceTree = "<group>";
		};
/* End PBXVariantGroup section */

/* Begin XCBuildConfiguration section */
		FD83DDFF27C53A20005C33F6 /* Debug */ = {
			isa = XCBuildConfiguration;
			buildSettings = {
				ALWAYS_SEARCH_USER_PATHS = NO;
				CLANG_ANALYZER_NONNULL = YES;
				CLANG_ANALYZER_NUMBER_OBJECT_CONVERSION = YES_AGGRESSIVE;
				CLANG_CXX_LANGUAGE_STANDARD = "gnu++17";
				CLANG_CXX_LIBRARY = "libc++";
				CLANG_ENABLE_MODULES = YES;
				CLANG_ENABLE_OBJC_ARC = YES;
				CLANG_ENABLE_OBJC_WEAK = YES;
				CLANG_WARN_BLOCK_CAPTURE_AUTORELEASING = YES;
				CLANG_WARN_BOOL_CONVERSION = YES;
				CLANG_WARN_COMMA = YES;
				CLANG_WARN_CONSTANT_CONVERSION = YES;
				CLANG_WARN_DEPRECATED_OBJC_IMPLEMENTATIONS = YES;
				CLANG_WARN_DIRECT_OBJC_ISA_USAGE = YES_ERROR;
				CLANG_WARN_DOCUMENTATION_COMMENTS = YES;
				CLANG_WARN_EMPTY_BODY = YES;
				CLANG_WARN_ENUM_CONVERSION = YES;
				CLANG_WARN_INFINITE_RECURSION = YES;
				CLANG_WARN_INT_CONVERSION = YES;
				CLANG_WARN_NON_LITERAL_NULL_CONVERSION = YES;
				CLANG_WARN_OBJC_IMPLICIT_RETAIN_SELF = YES;
				CLANG_WARN_OBJC_LITERAL_CONVERSION = YES;
				CLANG_WARN_OBJC_ROOT_CLASS = YES_ERROR;
				CLANG_WARN_QUOTED_INCLUDE_IN_FRAMEWORK_HEADER = YES;
				CLANG_WARN_RANGE_LOOP_ANALYSIS = YES;
				CLANG_WARN_STRICT_PROTOTYPES = YES;
				CLANG_WARN_SUSPICIOUS_MOVE = YES;
				CLANG_WARN_UNGUARDED_AVAILABILITY = YES_AGGRESSIVE;
				CLANG_WARN_UNREACHABLE_CODE = YES;
				CLANG_WARN__DUPLICATE_METHOD_MATCH = YES;
				COPY_PHASE_STRIP = NO;
				DEBUG_INFORMATION_FORMAT = dwarf;
				ENABLE_STRICT_OBJC_MSGSEND = YES;
				ENABLE_TESTABILITY = YES;
				GCC_C_LANGUAGE_STANDARD = gnu11;
				GCC_DYNAMIC_NO_PIC = NO;
				GCC_NO_COMMON_BLOCKS = YES;
				GCC_OPTIMIZATION_LEVEL = 0;
				GCC_PREPROCESSOR_DEFINITIONS = (
					"DEBUG=1",
					"$(inherited)",
				);
				GCC_WARN_64_TO_32_BIT_CONVERSION = YES;
				GCC_WARN_ABOUT_RETURN_TYPE = YES_ERROR;
				GCC_WARN_UNDECLARED_SELECTOR = YES;
				GCC_WARN_UNINITIALIZED_AUTOS = YES_AGGRESSIVE;
				GCC_WARN_UNUSED_FUNCTION = YES;
				GCC_WARN_UNUSED_VARIABLE = YES;
				IPHONEOS_DEPLOYMENT_TARGET = 15.2;
				MTL_ENABLE_DEBUG_INFO = INCLUDE_SOURCE;
				MTL_FAST_MATH = YES;
				ONLY_ACTIVE_ARCH = YES;
				SDKROOT = iphoneos;
				SWIFT_ACTIVE_COMPILATION_CONDITIONS = DEBUG;
				SWIFT_OPTIMIZATION_LEVEL = "-Onone";
			};
			name = Debug;
		};
		FD83DE0027C53A20005C33F6 /* Release */ = {
			isa = XCBuildConfiguration;
			buildSettings = {
				ALWAYS_SEARCH_USER_PATHS = NO;
				CLANG_ANALYZER_NONNULL = YES;
				CLANG_ANALYZER_NUMBER_OBJECT_CONVERSION = YES_AGGRESSIVE;
				CLANG_CXX_LANGUAGE_STANDARD = "gnu++17";
				CLANG_CXX_LIBRARY = "libc++";
				CLANG_ENABLE_MODULES = YES;
				CLANG_ENABLE_OBJC_ARC = YES;
				CLANG_ENABLE_OBJC_WEAK = YES;
				CLANG_WARN_BLOCK_CAPTURE_AUTORELEASING = YES;
				CLANG_WARN_BOOL_CONVERSION = YES;
				CLANG_WARN_COMMA = YES;
				CLANG_WARN_CONSTANT_CONVERSION = YES;
				CLANG_WARN_DEPRECATED_OBJC_IMPLEMENTATIONS = YES;
				CLANG_WARN_DIRECT_OBJC_ISA_USAGE = YES_ERROR;
				CLANG_WARN_DOCUMENTATION_COMMENTS = YES;
				CLANG_WARN_EMPTY_BODY = YES;
				CLANG_WARN_ENUM_CONVERSION = YES;
				CLANG_WARN_INFINITE_RECURSION = YES;
				CLANG_WARN_INT_CONVERSION = YES;
				CLANG_WARN_NON_LITERAL_NULL_CONVERSION = YES;
				CLANG_WARN_OBJC_IMPLICIT_RETAIN_SELF = YES;
				CLANG_WARN_OBJC_LITERAL_CONVERSION = YES;
				CLANG_WARN_OBJC_ROOT_CLASS = YES_ERROR;
				CLANG_WARN_QUOTED_INCLUDE_IN_FRAMEWORK_HEADER = YES;
				CLANG_WARN_RANGE_LOOP_ANALYSIS = YES;
				CLANG_WARN_STRICT_PROTOTYPES = YES;
				CLANG_WARN_SUSPICIOUS_MOVE = YES;
				CLANG_WARN_UNGUARDED_AVAILABILITY = YES_AGGRESSIVE;
				CLANG_WARN_UNREACHABLE_CODE = YES;
				CLANG_WARN__DUPLICATE_METHOD_MATCH = YES;
				COPY_PHASE_STRIP = NO;
				DEBUG_INFORMATION_FORMAT = "dwarf-with-dsym";
				ENABLE_NS_ASSERTIONS = NO;
				ENABLE_STRICT_OBJC_MSGSEND = YES;
				GCC_C_LANGUAGE_STANDARD = gnu11;
				GCC_NO_COMMON_BLOCKS = YES;
				GCC_WARN_64_TO_32_BIT_CONVERSION = YES;
				GCC_WARN_ABOUT_RETURN_TYPE = YES_ERROR;
				GCC_WARN_UNDECLARED_SELECTOR = YES;
				GCC_WARN_UNINITIALIZED_AUTOS = YES_AGGRESSIVE;
				GCC_WARN_UNUSED_FUNCTION = YES;
				GCC_WARN_UNUSED_VARIABLE = YES;
				IPHONEOS_DEPLOYMENT_TARGET = 15.2;
				MTL_ENABLE_DEBUG_INFO = NO;
				MTL_FAST_MATH = YES;
				SDKROOT = iphoneos;
				SWIFT_COMPILATION_MODE = wholemodule;
				SWIFT_OPTIMIZATION_LEVEL = "-O";
				VALIDATE_PRODUCT = YES;
			};
			name = Release;
		};
		FD83DE0227C53A20005C33F6 /* Debug */ = {
			isa = XCBuildConfiguration;
			buildSettings = {
				ASSETCATALOG_COMPILER_APPICON_NAME = AppIcon;
				ASSETCATALOG_COMPILER_GLOBAL_ACCENT_COLOR_NAME = AccentColor;
				CODE_SIGN_STYLE = Automatic;
				CURRENT_PROJECT_VERSION = 1;
				DEVELOPMENT_TEAM = N8T775R7WH;
				GENERATE_INFOPLIST_FILE = YES;
				INFOPLIST_FILE = testApp/Info.plist;
				INFOPLIST_KEY_UIApplicationSupportsIndirectInputEvents = YES;
				INFOPLIST_KEY_UILaunchStoryboardName = LaunchScreen;
				INFOPLIST_KEY_UIMainStoryboardFile = Main;
				INFOPLIST_KEY_UISupportedInterfaceOrientations_iPad = "UIInterfaceOrientationPortrait UIInterfaceOrientationPortraitUpsideDown UIInterfaceOrientationLandscapeLeft UIInterfaceOrientationLandscapeRight";
				INFOPLIST_KEY_UISupportedInterfaceOrientations_iPhone = "UIInterfaceOrientationPortrait UIInterfaceOrientationLandscapeLeft UIInterfaceOrientationLandscapeRight";
				LD_RUNPATH_SEARCH_PATHS = (
					"$(inherited)",
					"@executable_path/Frameworks",
				);
				MARKETING_VERSION = 1.0;
				PRODUCT_BUNDLE_IDENTIFIER = com.demo.testApp;
				PRODUCT_NAME = "$(TARGET_NAME)";
				SWIFT_EMIT_LOC_STRINGS = YES;
				SWIFT_VERSION = 5.0;
				TARGETED_DEVICE_FAMILY = "1,2";
			};
			name = Debug;
		};
		FD83DE0327C53A20005C33F6 /* Release */ = {
			isa = XCBuildConfiguration;
			buildSettings = {
				ASSETCATALOG_COMPILER_APPICON_NAME = AppIcon;
				ASSETCATALOG_COMPILER_GLOBAL_ACCENT_COLOR_NAME = AccentColor;
				CODE_SIGN_STYLE = Automatic;
				CURRENT_PROJECT_VERSION = 1;
				DEVELOPMENT_TEAM = N8T775R7WH;
				GENERATE_INFOPLIST_FILE = YES;
				INFOPLIST_FILE = testApp/Info.plist;
				INFOPLIST_KEY_UIApplicationSupportsIndirectInputEvents = YES;
				INFOPLIST_KEY_UILaunchStoryboardName = LaunchScreen;
				INFOPLIST_KEY_UIMainStoryboardFile = Main;
				INFOPLIST_KEY_UISupportedInterfaceOrientations_iPad = "UIInterfaceOrientationPortrait UIInterfaceOrientationPortraitUpsideDown UIInterfaceOrientationLandscapeLeft UIInterfaceOrientationLandscapeRight";
				INFOPLIST_KEY_UISupportedInterfaceOrientations_iPhone = "UIInterfaceOrientationPortrait UIInterfaceOrientationLandscapeLeft UIInterfaceOrientationLandscapeRight";
				LD_RUNPATH_SEARCH_PATHS = (
					"$(inherited)",
					"@executable_path/Frameworks",
				);
				MARKETING_VERSION = 1.0;
				PRODUCT_BUNDLE_IDENTIFIER = com.demo.testApp;
				PRODUCT_NAME = "$(TARGET_NAME)";
				SWIFT_EMIT_LOC_STRINGS = YES;
				SWIFT_VERSION = 5.0;
				TARGETED_DEVICE_FAMILY = "1,2";
			};
			name = Release;
		};
/* End XCBuildConfiguration section */

/* Begin XCConfigurationList section */
		FD83DDE827C53A1E005C33F6 /* Build configuration list for PBXProject "nftDemoApp" */ = {
			isa = XCConfigurationList;
			buildConfigurations = (
				FD83DDFF27C53A20005C33F6 /* Debug */,
				FD83DE0027C53A20005C33F6 /* Release */,
			);
			defaultConfigurationIsVisible = 0;
			defaultConfigurationName = Release;
		};
		FD83DE0127C53A20005C33F6 /* Build configuration list for PBXNativeTarget "testApp" */ = {
			isa = XCConfigurationList;
			buildConfigurations = (
				FD83DE0227C53A20005C33F6 /* Debug */,
				FD83DE0327C53A20005C33F6 /* Release */,
			);
			defaultConfigurationIsVisible = 0;
			defaultConfigurationName = Release;
		};
/* End XCConfigurationList section */

/* Begin XCRemoteSwiftPackageReference section */
		FD83DE0427C53B56005C33F6 /* XCRemoteSwiftPackageReference "RxSwift" */ = {
			isa = XCRemoteSwiftPackageReference;
			repositoryURL = "https://github.com/ReactiveX/RxSwift";
			requirement = {
				branch = main;
				kind = branch;
			};
		};
		FD83DE0B27C53C10005C33F6 /* XCRemoteSwiftPackageReference "RxAlamofire" */ = {
			isa = XCRemoteSwiftPackageReference;
			repositoryURL = "https://github.com/RxSwiftCommunity/RxAlamofire";
			requirement = {
				branch = main;
				kind = branch;
			};
		};
		FD83DE0E27C53C97005C33F6 /* XCRemoteSwiftPackageReference "RxSwiftUtilities" */ = {
			isa = XCRemoteSwiftPackageReference;
			repositoryURL = "https://github.com/RxSwiftCommunity/RxSwiftUtilities";
			requirement = {
				branch = master;
				kind = branch;
			};
		};
		FD83DE1127C53CCB005C33F6 /* XCRemoteSwiftPackageReference "RxSwiftExt" */ = {
			isa = XCRemoteSwiftPackageReference;
			repositoryURL = "https://github.com/RxSwiftCommunity/RxSwiftExt";
			requirement = {
				branch = main;
				kind = branch;
			};
		};
		FD83DE3827C685C1005C33F6 /* XCRemoteSwiftPackageReference "MapleBacon" */ = {
			isa = XCRemoteSwiftPackageReference;
			repositoryURL = "https://github.com/JanGorman/MapleBacon";
			requirement = {
				branch = master;
				kind = branch;
			};
		};
/* End XCRemoteSwiftPackageReference section */

/* Begin XCSwiftPackageProductDependency section */
		FD83DE0527C53B56005C33F6 /* RxCocoa */ = {
			isa = XCSwiftPackageProductDependency;
			package = FD83DE0427C53B56005C33F6 /* XCRemoteSwiftPackageReference "RxSwift" */;
			productName = RxCocoa;
		};
		FD83DE0727C53B56005C33F6 /* RxRelay */ = {
			isa = XCSwiftPackageProductDependency;
			package = FD83DE0427C53B56005C33F6 /* XCRemoteSwiftPackageReference "RxSwift" */;
			productName = RxRelay;
		};
		FD83DE0927C53B56005C33F6 /* RxSwift */ = {
			isa = XCSwiftPackageProductDependency;
			package = FD83DE0427C53B56005C33F6 /* XCRemoteSwiftPackageReference "RxSwift" */;
			productName = RxSwift;
		};
		FD83DE0C27C53C10005C33F6 /* RxAlamofire */ = {
			isa = XCSwiftPackageProductDependency;
			package = FD83DE0B27C53C10005C33F6 /* XCRemoteSwiftPackageReference "RxAlamofire" */;
			productName = RxAlamofire;
		};
		FD83DE0F27C53C97005C33F6 /* RxSwiftUtilities */ = {
			isa = XCSwiftPackageProductDependency;
			package = FD83DE0E27C53C97005C33F6 /* XCRemoteSwiftPackageReference "RxSwiftUtilities" */;
			productName = RxSwiftUtilities;
		};
		FD83DE1227C53CCB005C33F6 /* RxSwiftExt */ = {
			isa = XCSwiftPackageProductDependency;
			package = FD83DE1127C53CCB005C33F6 /* XCRemoteSwiftPackageReference "RxSwiftExt" */;
			productName = RxSwiftExt;
		};
		FD83DE3927C685C1005C33F6 /* MapleBacon */ = {
			isa = XCSwiftPackageProductDependency;
			package = FD83DE3827C685C1005C33F6 /* XCRemoteSwiftPackageReference "MapleBacon" */;
			productName = MapleBacon;
		};
/* End XCSwiftPackageProductDependency section */
	};
	rootObject = FD83DDE527C53A1E005C33F6 /* Project object */;
}
